{
  "schema": "runtime-lock/v1",
  "kernel": "simplicio",
  "min_version": "3.5.0",
  "release_repo": "wesleysimplicio/simplicio",
  "source_repo": "wesleysimplicio/simplicio-runtime",
  "assets": {
    "darwin-arm64": {"name": "simplicio-macos-arm64", "sha256": null},
    "darwin-x86_64": {"name": "simplicio", "sha256": null},
    "linux-x86_64": {"name": "simplicio", "sha256": null}
  },
  "sibling_checkout": "../simplicio-runtime"
}
